
Microsoft Visual Studio Solution File, Format Version 12.00
# Visual Studio Version 17
VisualStudioVersion = 17.4.33213.308
MinimumVisualStudioVersion = 10.0.40219.1
Project("{9A19103F-16F7-4668-BE54-9A1E7A4F7556}") = "Demo_Product", "Demo_Product\Demo_Product.csproj", "{B75D4A45-A12D-426C-AFA0-932DC7D2B9C6}"
EndProject
Project("{9A19103F-16F7-4668-BE54-9A1E7A4F7556}") = "EntityLayer", "EntityLayer\EntityLayer.csproj", "{5A620D09-A075-4735-A84E-AAC844D2ACB5}"
EndProject
Project("{9A19103F-16F7-4668-BE54-9A1E7A4F7556}") = "DataAccessLayer", "DataAccessLayer\DataAccessLayer.csproj", "{1EE22C22-D46C-461A-B1F9-3AD0732D3B76}"
EndProject
Project("{9A19103F-16F7-4668-BE54-9A1E7A4F7556}") = "BusinessLayer", "BusinessLayer\BusinessLayer.csproj", "{5DA43259-0677-48DE-AC4A-053CC44442B1}"
EndProject
Global
	GlobalSection(SolutionConfigurationPlatforms) = preSolution
		Debug|Any CPU = Debug|Any CPU
		Release|Any CPU = Release|Any CPU
	EndGlobalSection
	GlobalSection(ProjectConfigurationPlatforms) = postSolution
		{B75D4A45-A12D-426C-AFA0-932DC7D2B9C6}.Debug|Any CPU.ActiveCfg = Debug|Any CPU
		{B75D4A45-A12D-426C-AFA0-932DC7D2B9C6}.Debug|Any CPU.Build.0 = Debug|Any CPU
		{B75D4A45-A12D-426C-AFA0-932DC7D2B9C6}.Release|Any CPU.ActiveCfg = Release|Any CPU
		{B75D4A45-A12D-426C-AFA0-932DC7D2B9C6}.Release|Any CPU.Build.0 = Release|Any CPU
		{5A620D09-A075-4735-A84E-AAC844D2ACB5}.Debug|Any CPU.ActiveCfg = Debug|Any CPU
		{5A620D09-A075-4735-A84E-AAC844D2ACB5}.Debug|Any CPU.Build.0 = Debug|Any CPU
		{5A620D09-A075-4735-A84E-AAC844D2ACB5}.Release|Any CPU.ActiveCfg = Release|Any CPU
		{5A620D09-A075-4735-A84E-AAC844D2ACB5}.Release|Any CPU.Build.0 = Release|Any CPU
		{1EE22C22-D46C-461A-B1F9-3AD0732D3B76}.Debug|Any CPU.ActiveCfg = Debug|Any CPU
		{1EE22C22-D46C-461A-B1F9-3AD0732D3B76}.Debug|Any CPU.Build.0 = Debug|Any CPU
		{1EE22C22-D46C-461A-B1F9-3AD0732D3B76}.Release|Any CPU.ActiveCfg = Release|Any CPU
		{1EE22C22-D46C-461A-B1F9-3AD0732D3B76}.Release|Any CPU.Build.0 = Release|Any CPU
		{5DA43259-0677-48DE-AC4A-053CC44442B1}.Debug|Any CPU.ActiveCfg = Debug|Any CPU
		{5DA43259-0677-48DE-AC4A-053CC44442B1}.Debug|Any CPU.Build.0 = Debug|Any CPU
		{5DA43259-0677-48DE-AC4A-053CC44442B1}.Release|Any CPU.ActiveCfg = Release|Any CPU
		{5DA43259-0677-48DE-AC4A-053CC44442B1}.Release|Any CPU.Build.0 = Release|Any CPU
	EndGlobalSection
	GlobalSection(SolutionProperties) = preSolution
		HideSolutionNode = FALSE
	EndGlobalSection
	GlobalSection(ExtensibilityGlobals) = postSolution
		SolutionGuid = {199CDB79-F5B1-4565-9A0F-9315DAFAF700}
	EndGlobalSection
EndGlobal
